{
  "name": "hangouts-chatbot-template",
  "version": "0.0.1",
  "lockfileVersion": 1,
  "requires": true,
  "dependencies": {
    "arrify": {
      "version": "1.0.1",
      "resolved": "https://registry.npmjs.org/arrify/-/arrify-1.0.1.tgz",
      "integrity": "sha1-iYUI2iIm84DfkEcoRWhJwVAaSw0="
    },
    "hangouts-card-helper": {
      "version": "0.0.9",
      "resolved": "https://registry.npmjs.org/hangouts-card-helper/-/hangouts-card-helper-0.0.9.tgz",
      "integrity": "sha512-KaCYg6R/8UPtqazLH/YyxTDS57A/ZcNfNzCTx2SCfCafIuKfaQk3cf+oGp4Rlad0hC2o8StWmeywIjDgVW+xPA=="
    }
  }
}
